
Microsoft Visual Studio Solution File, Format Version 12.00
# Visual Studio Version 17
VisualStudioVersion = 17.10.35004.147
MinimumVisualStudioVersion = 10.0.40219.1
Project("{FAE04EC0-301F-11D3-BF4B-00C04F79EFBC}") = "zadPP7", "zadPP7\zadPP7.csproj", "{194EA210-F1AA-4A80-A8CD-4FC787B0F8FB}"
EndProject
Global
	GlobalSection(SolutionConfigurationPlatforms) = preSolution
		Debug|Any CPU = Debug|Any CPU
		Release|Any CPU = Release|Any CPU
	EndGlobalSection
	GlobalSection(ProjectConfigurationPlatforms) = postSolution
		{194EA210-F1AA-4A80-A8CD-4FC787B0F8FB}.Debug|Any CPU.ActiveCfg = Debug|Any CPU
		{194EA210-F1AA-4A80-A8CD-4FC787B0F8FB}.Debug|Any CPU.Build.0 = Debug|Any CPU
		{194EA210-F1AA-4A80-A8CD-4FC787B0F8FB}.Release|Any CPU.ActiveCfg = Release|Any CPU
		{194EA210-F1AA-4A80-A8CD-4FC787B0F8FB}.Release|Any CPU.Build.0 = Release|Any CPU
	EndGlobalSection
	GlobalSection(SolutionProperties) = preSolution
		HideSolutionNode = FALSE
	EndGlobalSection
	GlobalSection(ExtensibilityGlobals) = postSolution
		SolutionGuid = {74147BDC-F806-46AC-BFE1-1CFAEF2077E2}
	EndGlobalSection
EndGlobal
